
Microsoft Visual Studio Solution File, Format Version 12.00
# Visual Studio Version 17
VisualStudioVersion = 17.0.31919.166
MinimumVisualStudioVersion = 10.0.40219.1
Project("{2150E333-8FDC-42A3-9474-1A3956D46DE8}") = "SiteCobi", "SiteCobi", "{C5BBE875-BC47-4845-98BC-CCECFBDB9297}"
EndProject
Project("{2150E333-8FDC-42A3-9474-1A3956D46DE8}") = "Cobi.API", "Cobi.API", "{2609C7DC-29CD-4A4F-8BD0-05C2D8F66885}"
EndProject
Project("{2150E333-8FDC-42A3-9474-1A3956D46DE8}") = "Cobi.Aplication", "Cobi.Aplication", "{289D16F7-5252-4E23-9108-8237FF3EDD7D}"
EndProject
Project("{2150E333-8FDC-42A3-9474-1A3956D46DE8}") = "Cobi.Domain", "Cobi.Domain", "{3A56AC6E-C854-4461-A3A5-52B748B1AF90}"
EndProject
Project("{2150E333-8FDC-42A3-9474-1A3956D46DE8}") = "Cobi.Infrastrature", "Cobi.Infrastrature", "{730AE6D3-52F4-41F0-AF10-42DD5FD7A621}"
EndProject
Project("{FAE04EC0-301F-11D3-BF4B-00C04F79EFBC}") = "WebApiUi", "WebApiUi\WebApiUi.csproj", "{AA30CFA9-21A3-40DF-82BF-CE3213249B44}"
EndProject
Project("{FAE04EC0-301F-11D3-BF4B-00C04F79EFBC}") = "Cobi.DAL", "Cobi.DAL\Cobi.DAL.csproj", "{03A151A7-D4F6-4ED9-83DD-C94A92695FDB}"
EndProject
Project("{FAE04EC0-301F-11D3-BF4B-00C04F79EFBC}") = "Cobi.Model", "Cobi.Model\Cobi.Model.csproj", "{A4359D29-A488-45A8-9710-594D9C72F783}"
EndProject
Project("{FAE04EC0-301F-11D3-BF4B-00C04F79EFBC}") = "Cobi.BLL", "Cobi.BLL\Cobi.BLL.csproj", "{938BBE15-9152-4972-A039-CA2982C1B986}"
EndProject
Global
	GlobalSection(SolutionConfigurationPlatforms) = preSolution
		Debug|Any CPU = Debug|Any CPU
		Release|Any CPU = Release|Any CPU
	EndGlobalSection
	GlobalSection(ProjectConfigurationPlatforms) = postSolution
		{AA30CFA9-21A3-40DF-82BF-CE3213249B44}.Debug|Any CPU.ActiveCfg = Debug|Any CPU
		{AA30CFA9-21A3-40DF-82BF-CE3213249B44}.Debug|Any CPU.Build.0 = Debug|Any CPU
		{AA30CFA9-21A3-40DF-82BF-CE3213249B44}.Release|Any CPU.ActiveCfg = Release|Any CPU
		{AA30CFA9-21A3-40DF-82BF-CE3213249B44}.Release|Any CPU.Build.0 = Release|Any CPU
		{03A151A7-D4F6-4ED9-83DD-C94A92695FDB}.Debug|Any CPU.ActiveCfg = Debug|Any CPU
		{03A151A7-D4F6-4ED9-83DD-C94A92695FDB}.Debug|Any CPU.Build.0 = Debug|Any CPU
		{03A151A7-D4F6-4ED9-83DD-C94A92695FDB}.Release|Any CPU.ActiveCfg = Release|Any CPU
		{03A151A7-D4F6-4ED9-83DD-C94A92695FDB}.Release|Any CPU.Build.0 = Release|Any CPU
		{A4359D29-A488-45A8-9710-594D9C72F783}.Debug|Any CPU.ActiveCfg = Debug|Any CPU
		{A4359D29-A488-45A8-9710-594D9C72F783}.Debug|Any CPU.Build.0 = Debug|Any CPU
		{A4359D29-A488-45A8-9710-594D9C72F783}.Release|Any CPU.ActiveCfg = Release|Any CPU
		{A4359D29-A488-45A8-9710-594D9C72F783}.Release|Any CPU.Build.0 = Release|Any CPU
		{938BBE15-9152-4972-A039-CA2982C1B986}.Debug|Any CPU.ActiveCfg = Debug|Any CPU
		{938BBE15-9152-4972-A039-CA2982C1B986}.Debug|Any CPU.Build.0 = Debug|Any CPU
		{938BBE15-9152-4972-A039-CA2982C1B986}.Release|Any CPU.ActiveCfg = Release|Any CPU
		{938BBE15-9152-4972-A039-CA2982C1B986}.Release|Any CPU.Build.0 = Release|Any CPU
	EndGlobalSection
	GlobalSection(SolutionProperties) = preSolution
		HideSolutionNode = FALSE
	EndGlobalSection
	GlobalSection(NestedProjects) = preSolution
		{2609C7DC-29CD-4A4F-8BD0-05C2D8F66885} = {C5BBE875-BC47-4845-98BC-CCECFBDB9297}
		{289D16F7-5252-4E23-9108-8237FF3EDD7D} = {C5BBE875-BC47-4845-98BC-CCECFBDB9297}
		{3A56AC6E-C854-4461-A3A5-52B748B1AF90} = {C5BBE875-BC47-4845-98BC-CCECFBDB9297}
		{730AE6D3-52F4-41F0-AF10-42DD5FD7A621} = {C5BBE875-BC47-4845-98BC-CCECFBDB9297}
		{AA30CFA9-21A3-40DF-82BF-CE3213249B44} = {2609C7DC-29CD-4A4F-8BD0-05C2D8F66885}
		{03A151A7-D4F6-4ED9-83DD-C94A92695FDB} = {289D16F7-5252-4E23-9108-8237FF3EDD7D}
		{A4359D29-A488-45A8-9710-594D9C72F783} = {3A56AC6E-C854-4461-A3A5-52B748B1AF90}
		{938BBE15-9152-4972-A039-CA2982C1B986} = {730AE6D3-52F4-41F0-AF10-42DD5FD7A621}
	EndGlobalSection
	GlobalSection(ExtensibilityGlobals) = postSolution
		SolutionGuid = {26181B1C-502B-4CF1-A1FB-069C1697FB17}
	EndGlobalSection
EndGlobal
